<Solution>
  <Project Path="PasswordManager.API/PasswordManager.API/PasswordManager.API.csproj" />
  <Project Path="PasswordManager.Core/PasswordManager.Core.csproj" Id="5f64153f-0138-4790-a388-d46ace3aaab4" />
  <Project Path="PasswordManager.UI/PasswordManager.UI.csproj" Id="602b8f96-f371-4b47-a373-8791f1545267">
    <Deploy Solution="Release|*" />
  </Project>
</Solution>
